
Microsoft Visual Studio Solution File, Format Version 12.00
# Visual Studio Version 17
VisualStudioVersion = 17.10.34928.147
MinimumVisualStudioVersion = 10.0.40219.1
Project("{FAE04EC0-301F-11D3-BF4B-00C04F79EFBC}") = "Web", "Web\Web.csproj", "{81102B3C-08D8-4A62-85B2-139C55EA5E0D}"
EndProject
Project("{FAE04EC0-301F-11D3-BF4B-00C04F79EFBC}") = "Infrastructure", "Infrastructure\Infrastructure.csproj", "{ED92BB62-2DE3-4B7C-9804-9DBEDBEFC226}"
EndProject
Project("{FAE04EC0-301F-11D3-BF4B-00C04F79EFBC}") = "Core", "Core\Core.csproj", "{380E4313-F916-428C-8DF1-A65251403401}"
EndProject
Global
	GlobalSection(SolutionConfigurationPlatforms) = preSolution
		Debug|Any CPU = Debug|Any CPU
		Release|Any CPU = Release|Any CPU
	EndGlobalSection
	GlobalSection(ProjectConfigurationPlatforms) = postSolution
		{81102B3C-08D8-4A62-85B2-139C55EA5E0D}.Debug|Any CPU.ActiveCfg = Debug|Any CPU
		{81102B3C-08D8-4A62-85B2-139C55EA5E0D}.Debug|Any CPU.Build.0 = Debug|Any CPU
		{81102B3C-08D8-4A62-85B2-139C55EA5E0D}.Release|Any CPU.ActiveCfg = Release|Any CPU
		{81102B3C-08D8-4A62-85B2-139C55EA5E0D}.Release|Any CPU.Build.0 = Release|Any CPU
		{ED92BB62-2DE3-4B7C-9804-9DBEDBEFC226}.Debug|Any CPU.ActiveCfg = Debug|Any CPU
		{ED92BB62-2DE3-4B7C-9804-9DBEDBEFC226}.Debug|Any CPU.Build.0 = Debug|Any CPU
		{ED92BB62-2DE3-4B7C-9804-9DBEDBEFC226}.Release|Any CPU.ActiveCfg = Release|Any CPU
		{ED92BB62-2DE3-4B7C-9804-9DBEDBEFC226}.Release|Any CPU.Build.0 = Release|Any CPU
		{380E4313-F916-428C-8DF1-A65251403401}.Debug|Any CPU.ActiveCfg = Debug|Any CPU
		{380E4313-F916-428C-8DF1-A65251403401}.Debug|Any CPU.Build.0 = Debug|Any CPU
		{380E4313-F916-428C-8DF1-A65251403401}.Release|Any CPU.ActiveCfg = Release|Any CPU
		{380E4313-F916-428C-8DF1-A65251403401}.Release|Any CPU.Build.0 = Release|Any CPU
	EndGlobalSection
	GlobalSection(SolutionProperties) = preSolution
		HideSolutionNode = FALSE
	EndGlobalSection
	GlobalSection(ExtensibilityGlobals) = postSolution
		SolutionGuid = {6F628B99-CA4C-4843-B6DD-ED77A7547CCD}
	EndGlobalSection
EndGlobal
